
Microsoft Visual Studio Solution File, Format Version 12.00
# Visual Studio Version 17
VisualStudioVersion = 17.1.32228.430
MinimumVisualStudioVersion = 10.0.40219.1
Project("{2150E333-8FDC-42A3-9474-1A3956D46DE8}") = "src", "src", "{288E82E5-F3B4-484D-B37A-9837C0C6C14F}"
EndProject
Project("{9A19103F-16F7-4668-BE54-9A1E7A4F7556}") = "Catalog.API", "src\Catalog.API\Catalog.API.csproj", "{71965528-5A2F-47EB-85E4-6F17EEF36A3E}"
EndProject
Project("{9A19103F-16F7-4668-BE54-9A1E7A4F7556}") = "Catalog.Domain", "src\Catalog.Domain\Catalog.Domain.csproj", "{5C507370-D538-4406-98F1-C548FC5A67FA}"
EndProject
Project("{9A19103F-16F7-4668-BE54-9A1E7A4F7556}") = "Catalog.Infrastructure", "src\Catalog.Infrastructure\Catalog.Infrastructure.csproj", "{E5587295-928A-4565-B9A8-9EB1CA24796D}"
EndProject
Project("{2150E333-8FDC-42A3-9474-1A3956D46DE8}") = "tests", "tests", "{3FDE14A1-6D3D-4D64-A1EC-C494DE15D6FC}"
EndProject
Project("{9A19103F-16F7-4668-BE54-9A1E7A4F7556}") = "Catalog.Infrastructure.Tests", "tests\Catalog.Infrastructure.Tests\Catalog.Infrastructure.Tests.csproj", "{06D51FBD-78BA-4CE9-B93C-95608477ECC5}"
EndProject
Project("{FAE04EC0-301F-11D3-BF4B-00C04F79EFBC}") = "Catalog.InfrastructureSP", "src\Catalog.InfrastructureSP\Catalog.InfrastructureSP.csproj", "{B33A332C-5DB5-4FB6-A29F-86C6EBC65AA4}"
EndProject
Global
	GlobalSection(SolutionConfigurationPlatforms) = preSolution
		Debug|Any CPU = Debug|Any CPU
		Release|Any CPU = Release|Any CPU
	EndGlobalSection
	GlobalSection(ProjectConfigurationPlatforms) = postSolution
		{71965528-5A2F-47EB-85E4-6F17EEF36A3E}.Debug|Any CPU.ActiveCfg = Debug|Any CPU
		{71965528-5A2F-47EB-85E4-6F17EEF36A3E}.Debug|Any CPU.Build.0 = Debug|Any CPU
		{71965528-5A2F-47EB-85E4-6F17EEF36A3E}.Release|Any CPU.ActiveCfg = Release|Any CPU
		{71965528-5A2F-47EB-85E4-6F17EEF36A3E}.Release|Any CPU.Build.0 = Release|Any CPU
		{5C507370-D538-4406-98F1-C548FC5A67FA}.Debug|Any CPU.ActiveCfg = Debug|Any CPU
		{5C507370-D538-4406-98F1-C548FC5A67FA}.Debug|Any CPU.Build.0 = Debug|Any CPU
		{5C507370-D538-4406-98F1-C548FC5A67FA}.Release|Any CPU.ActiveCfg = Release|Any CPU
		{5C507370-D538-4406-98F1-C548FC5A67FA}.Release|Any CPU.Build.0 = Release|Any CPU
		{E5587295-928A-4565-B9A8-9EB1CA24796D}.Debug|Any CPU.ActiveCfg = Debug|Any CPU
		{E5587295-928A-4565-B9A8-9EB1CA24796D}.Debug|Any CPU.Build.0 = Debug|Any CPU
		{E5587295-928A-4565-B9A8-9EB1CA24796D}.Release|Any CPU.ActiveCfg = Release|Any CPU
		{E5587295-928A-4565-B9A8-9EB1CA24796D}.Release|Any CPU.Build.0 = Release|Any CPU
		{06D51FBD-78BA-4CE9-B93C-95608477ECC5}.Debug|Any CPU.ActiveCfg = Debug|Any CPU
		{06D51FBD-78BA-4CE9-B93C-95608477ECC5}.Debug|Any CPU.Build.0 = Debug|Any CPU
		{06D51FBD-78BA-4CE9-B93C-95608477ECC5}.Release|Any CPU.ActiveCfg = Release|Any CPU
		{06D51FBD-78BA-4CE9-B93C-95608477ECC5}.Release|Any CPU.Build.0 = Release|Any CPU
		{B33A332C-5DB5-4FB6-A29F-86C6EBC65AA4}.Debug|Any CPU.ActiveCfg = Debug|Any CPU
		{B33A332C-5DB5-4FB6-A29F-86C6EBC65AA4}.Debug|Any CPU.Build.0 = Debug|Any CPU
		{B33A332C-5DB5-4FB6-A29F-86C6EBC65AA4}.Release|Any CPU.ActiveCfg = Release|Any CPU
		{B33A332C-5DB5-4FB6-A29F-86C6EBC65AA4}.Release|Any CPU.Build.0 = Release|Any CPU
	EndGlobalSection
	GlobalSection(SolutionProperties) = preSolution
		HideSolutionNode = FALSE
	EndGlobalSection
	GlobalSection(NestedProjects) = preSolution
		{71965528-5A2F-47EB-85E4-6F17EEF36A3E} = {288E82E5-F3B4-484D-B37A-9837C0C6C14F}
		{5C507370-D538-4406-98F1-C548FC5A67FA} = {288E82E5-F3B4-484D-B37A-9837C0C6C14F}
		{E5587295-928A-4565-B9A8-9EB1CA24796D} = {288E82E5-F3B4-484D-B37A-9837C0C6C14F}
		{06D51FBD-78BA-4CE9-B93C-95608477ECC5} = {3FDE14A1-6D3D-4D64-A1EC-C494DE15D6FC}
		{B33A332C-5DB5-4FB6-A29F-86C6EBC65AA4} = {288E82E5-F3B4-484D-B37A-9837C0C6C14F}
	EndGlobalSection
	GlobalSection(ExtensibilityGlobals) = postSolution
		SolutionGuid = {1C4DA6FD-439D-486C-A57B-88B9D74A1257}
	EndGlobalSection
EndGlobal
