
Microsoft Visual Studio Solution File, Format Version 12.00
# Visual Studio Version 17
VisualStudioVersion = 17.1.32407.343
MinimumVisualStudioVersion = 10.0.40219.1
Project("{FAE04EC0-301F-11D3-BF4B-00C04F79EFBC}") = "HealthCheckWorker", "HealthCheckWorker.csproj", "{617F4DE4-E458-46EC-A66D-C9EE68A2B531}"
EndProject
Global
	GlobalSection(SolutionConfigurationPlatforms) = preSolution
		Debug|Any CPU = Debug|Any CPU
		Release|Any CPU = Release|Any CPU
	EndGlobalSection
	GlobalSection(ProjectConfigurationPlatforms) = postSolution
		{617F4DE4-E458-46EC-A66D-C9EE68A2B531}.Debug|Any CPU.ActiveCfg = Debug|Any CPU
		{617F4DE4-E458-46EC-A66D-C9EE68A2B531}.Debug|Any CPU.Build.0 = Debug|Any CPU
		{617F4DE4-E458-46EC-A66D-C9EE68A2B531}.Release|Any CPU.ActiveCfg = Release|Any CPU
		{617F4DE4-E458-46EC-A66D-C9EE68A2B531}.Release|Any CPU.Build.0 = Release|Any CPU
	EndGlobalSection
	GlobalSection(SolutionProperties) = preSolution
		HideSolutionNode = FALSE
	EndGlobalSection
	GlobalSection(ExtensibilityGlobals) = postSolution
		SolutionGuid = {3127AD20-1A4B-42A6-8031-565BA89A5EB2}
	EndGlobalSection
EndGlobal
